
Microsoft Visual Studio Solution File, Format Version 12.00
# Visual Studio Version 17
VisualStudioVersion = 17.5.33414.496
MinimumVisualStudioVersion = 10.0.40219.1
Project("{888888A0-9F3D-457C-B088-3A5042F75D52}") = "Site_test", "Site_test\Site_test.pyproj", "{6767B273-5018-4D66-BA60-45E8E1E40BA1}"
EndProject
Global
	GlobalSection(SolutionConfigurationPlatforms) = preSolution
		Debug|Any CPU = Debug|Any CPU
		Release|Any CPU = Release|Any CPU
	EndGlobalSection
	GlobalSection(ProjectConfigurationPlatforms) = postSolution
		{6767B273-5018-4D66-BA60-45E8E1E40BA1}.Debug|Any CPU.ActiveCfg = Debug|Any CPU
		{6767B273-5018-4D66-BA60-45E8E1E40BA1}.Release|Any CPU.ActiveCfg = Release|Any CPU
	EndGlobalSection
	GlobalSection(SolutionProperties) = preSolution
		HideSolutionNode = FALSE
	EndGlobalSection
	GlobalSection(ExtensibilityGlobals) = postSolution
		SolutionGuid = {FC3C8833-0E1B-47C1-8E7E-63E681C502EA}
	EndGlobalSection
EndGlobal
